
Microsoft Visual Studio Solution File, Format Version 12.00
# Visual Studio Version 17
VisualStudioVersion = 17.14.36511.14 d17.14
MinimumVisualStudioVersion = 10.0.40219.1
Project("{FAE04EC0-301F-11D3-BF4B-00C04F79EFBC}") = "WMSProject", "WMSProject.csproj", "{B8D2CD45-7C26-4DF6-9CA9-7778E2008842}"
EndProject
Global
	GlobalSection(SolutionConfigurationPlatforms) = preSolution
		Debug|Any CPU = Debug|Any CPU
		Release|Any CPU = Release|Any CPU
	EndGlobalSection
	GlobalSection(ProjectConfigurationPlatforms) = postSolution
		{B8D2CD45-7C26-4DF6-9CA9-7778E2008842}.Debug|Any CPU.ActiveCfg = Debug|Any CPU
		{B8D2CD45-7C26-4DF6-9CA9-7778E2008842}.Debug|Any CPU.Build.0 = Debug|Any CPU
		{B8D2CD45-7C26-4DF6-9CA9-7778E2008842}.Release|Any CPU.ActiveCfg = Release|Any CPU
		{B8D2CD45-7C26-4DF6-9CA9-7778E2008842}.Release|Any CPU.Build.0 = Release|Any CPU
	EndGlobalSection
	GlobalSection(SolutionProperties) = preSolution
		HideSolutionNode = FALSE
	EndGlobalSection
	GlobalSection(ExtensibilityGlobals) = postSolution
		SolutionGuid = {79AB8402-17E2-4948-9562-542C20F2B277}
	EndGlobalSection
EndGlobal
